
Microsoft Visual Studio Solution File, Format Version 12.00
# Visual Studio Version 16
VisualStudioVersion = 16.0.30611.23
MinimumVisualStudioVersion = 10.0.40219.1
Project("{FAE04EC0-301F-11D3-BF4B-00C04F79EFBC}") = "MarketSimulation", "MarketSimulation.csproj", "{4273098C-1152-4A7B-A003-08600DEAC381}"
EndProject
Global
	GlobalSection(SolutionConfigurationPlatforms) = preSolution
		Debug|Any CPU = Debug|Any CPU
		Release|Any CPU = Release|Any CPU
	EndGlobalSection
	GlobalSection(ProjectConfigurationPlatforms) = postSolution
		{4273098C-1152-4A7B-A003-08600DEAC381}.Debug|Any CPU.ActiveCfg = Debug|Any CPU
		{4273098C-1152-4A7B-A003-08600DEAC381}.Debug|Any CPU.Build.0 = Debug|Any CPU
		{4273098C-1152-4A7B-A003-08600DEAC381}.Release|Any CPU.ActiveCfg = Release|Any CPU
		{4273098C-1152-4A7B-A003-08600DEAC381}.Release|Any CPU.Build.0 = Release|Any CPU
	EndGlobalSection
	GlobalSection(SolutionProperties) = preSolution
		HideSolutionNode = FALSE
	EndGlobalSection
	GlobalSection(ExtensibilityGlobals) = postSolution
		SolutionGuid = {B1F2DF6B-EC2E-4023-B87E-93F83761F5D3}
	EndGlobalSection
EndGlobal
